
Microsoft Visual Studio Solution File, Format Version 12.00
Project("{FAE04EC0-301F-11D3-BF4B-00C04F79EFBC}") = "CatScale.Service", "CatScale.Service\CatScale.Service.csproj", "{70EAEE0D-A313-4D6C-A050-A63937CEAA9E}"
EndProject
Global
	GlobalSection(SolutionConfigurationPlatforms) = preSolution
		Debug|Any CPU = Debug|Any CPU
		Release|Any CPU = Release|Any CPU
	EndGlobalSection
	GlobalSection(ProjectConfigurationPlatforms) = postSolution
		{70EAEE0D-A313-4D6C-A050-A63937CEAA9E}.Debug|Any CPU.ActiveCfg = Debug|Any CPU
		{70EAEE0D-A313-4D6C-A050-A63937CEAA9E}.Debug|Any CPU.Build.0 = Debug|Any CPU
		{70EAEE0D-A313-4D6C-A050-A63937CEAA9E}.Release|Any CPU.ActiveCfg = Release|Any CPU
		{70EAEE0D-A313-4D6C-A050-A63937CEAA9E}.Release|Any CPU.Build.0 = Release|Any CPU
	EndGlobalSection
EndGlobal
