
Microsoft Visual Studio Solution File, Format Version 12.00
Project("{FAE04EC0-301F-11D3-BF4B-00C04F79EFBC}") = "CatScale.Service", "CatScale.Service\CatScale.Service.csproj", "{70EAEE0D-A313-4D6C-A050-A63937CEAA9E}"
EndProject
Project("{FAE04EC0-301F-11D3-BF4B-00C04F79EFBC}") = "CatScale.UI.BlazorServer", "CatScale.UI.BlazorServer\CatScale.UI.BlazorServer.csproj", "{590BA2C8-1E8C-4D49-A1F4-72D0477C7E8C}"
EndProject
Project("{FAE04EC0-301F-11D3-BF4B-00C04F79EFBC}") = "CatScale.UI.BlazorWasm", "CatScale.UI.BlazorWasm\CatScale.UI.BlazorWasm.csproj", "{428A642C-0C04-40EC-936D-E5887A282D42}"
EndProject
Project("{FAE04EC0-301F-11D3-BF4B-00C04F79EFBC}") = "CatScale.Domain", "CatScale.Domain\CatScale.Domain.csproj", "{3003FF35-EC33-4F84-AF82-B5F28A7D6579}"
EndProject
Project("{FAE04EC0-301F-11D3-BF4B-00C04F79EFBC}") = "CatScale.Service.Model", "CatScale.Service.Model\CatScale.Service.Model.csproj", "{1900A8CB-5636-4FB8-A925-B85C0D7C76F6}"
EndProject
Project("{2150E333-8FDC-42A3-9474-1A3956D46DE8}") = "Tools", "Tools", "{855A4188-9108-4DD6-80B6-B3A54AAAB52A}"
EndProject
Project("{FAE04EC0-301F-11D3-BF4B-00C04F79EFBC}") = "CatScale.ReprocessTool", "tools\CatScale.ReprocessTool\CatScale.ReprocessTool.csproj", "{DB1C2ADC-B98F-4907-9AB5-94C987CA5A10}"
EndProject
Project("{FAE04EC0-301F-11D3-BF4B-00C04F79EFBC}") = "CatScale.FilterConfigTool", "tools\CatScale.FilterConfigTool\CatScale.FilterConfigTool.csproj", "{FEFEA913-3997-4BEF-9DB8-F9656E0CFA44}"
EndProject
Global
	GlobalSection(SolutionConfigurationPlatforms) = preSolution
		Debug|Any CPU = Debug|Any CPU
		Release|Any CPU = Release|Any CPU
	EndGlobalSection
	GlobalSection(ProjectConfigurationPlatforms) = postSolution
		{70EAEE0D-A313-4D6C-A050-A63937CEAA9E}.Debug|Any CPU.ActiveCfg = Debug|Any CPU
		{70EAEE0D-A313-4D6C-A050-A63937CEAA9E}.Debug|Any CPU.Build.0 = Debug|Any CPU
		{70EAEE0D-A313-4D6C-A050-A63937CEAA9E}.Release|Any CPU.ActiveCfg = Release|Any CPU
		{70EAEE0D-A313-4D6C-A050-A63937CEAA9E}.Release|Any CPU.Build.0 = Release|Any CPU
		{590BA2C8-1E8C-4D49-A1F4-72D0477C7E8C}.Debug|Any CPU.ActiveCfg = Debug|Any CPU
		{590BA2C8-1E8C-4D49-A1F4-72D0477C7E8C}.Debug|Any CPU.Build.0 = Debug|Any CPU
		{590BA2C8-1E8C-4D49-A1F4-72D0477C7E8C}.Release|Any CPU.ActiveCfg = Release|Any CPU
		{590BA2C8-1E8C-4D49-A1F4-72D0477C7E8C}.Release|Any CPU.Build.0 = Release|Any CPU
		{428A642C-0C04-40EC-936D-E5887A282D42}.Debug|Any CPU.ActiveCfg = Debug|Any CPU
		{428A642C-0C04-40EC-936D-E5887A282D42}.Debug|Any CPU.Build.0 = Debug|Any CPU
		{428A642C-0C04-40EC-936D-E5887A282D42}.Release|Any CPU.ActiveCfg = Release|Any CPU
		{428A642C-0C04-40EC-936D-E5887A282D42}.Release|Any CPU.Build.0 = Release|Any CPU
		{3003FF35-EC33-4F84-AF82-B5F28A7D6579}.Debug|Any CPU.ActiveCfg = Debug|Any CPU
		{3003FF35-EC33-4F84-AF82-B5F28A7D6579}.Debug|Any CPU.Build.0 = Debug|Any CPU
		{3003FF35-EC33-4F84-AF82-B5F28A7D6579}.Release|Any CPU.ActiveCfg = Release|Any CPU
		{3003FF35-EC33-4F84-AF82-B5F28A7D6579}.Release|Any CPU.Build.0 = Release|Any CPU
		{1900A8CB-5636-4FB8-A925-B85C0D7C76F6}.Debug|Any CPU.ActiveCfg = Debug|Any CPU
		{1900A8CB-5636-4FB8-A925-B85C0D7C76F6}.Debug|Any CPU.Build.0 = Debug|Any CPU
		{1900A8CB-5636-4FB8-A925-B85C0D7C76F6}.Release|Any CPU.ActiveCfg = Release|Any CPU
		{1900A8CB-5636-4FB8-A925-B85C0D7C76F6}.Release|Any CPU.Build.0 = Release|Any CPU
		{DB1C2ADC-B98F-4907-9AB5-94C987CA5A10}.Debug|Any CPU.ActiveCfg = Debug|Any CPU
		{DB1C2ADC-B98F-4907-9AB5-94C987CA5A10}.Debug|Any CPU.Build.0 = Debug|Any CPU
		{DB1C2ADC-B98F-4907-9AB5-94C987CA5A10}.Release|Any CPU.ActiveCfg = Release|Any CPU
		{DB1C2ADC-B98F-4907-9AB5-94C987CA5A10}.Release|Any CPU.Build.0 = Release|Any CPU
		{FEFEA913-3997-4BEF-9DB8-F9656E0CFA44}.Debug|Any CPU.ActiveCfg = Debug|Any CPU
		{FEFEA913-3997-4BEF-9DB8-F9656E0CFA44}.Debug|Any CPU.Build.0 = Debug|Any CPU
		{FEFEA913-3997-4BEF-9DB8-F9656E0CFA44}.Release|Any CPU.ActiveCfg = Release|Any CPU
		{FEFEA913-3997-4BEF-9DB8-F9656E0CFA44}.Release|Any CPU.Build.0 = Release|Any CPU
	EndGlobalSection
	GlobalSection(NestedProjects) = preSolution
		{DB1C2ADC-B98F-4907-9AB5-94C987CA5A10} = {855A4188-9108-4DD6-80B6-B3A54AAAB52A}
		{FEFEA913-3997-4BEF-9DB8-F9656E0CFA44} = {855A4188-9108-4DD6-80B6-B3A54AAAB52A}
	EndGlobalSection
EndGlobal
